
Microsoft Visual Studio Solution File, Format Version 12.00
# Visual Studio Version 16
VisualStudioVersion = 16.0.31624.102
MinimumVisualStudioVersion = 10.0.40219.1
Project("{FAE04EC0-301F-11D3-BF4B-00C04F79EFBC}") = "BugManageRestApi", "BugManageRestApi\BugManageRestApi.csproj", "{9B194FEB-620C-490B-9E40-5E2290228C55}"
EndProject
Global
	GlobalSection(SolutionConfigurationPlatforms) = preSolution
		Debug|Any CPU = Debug|Any CPU
		Release|Any CPU = Release|Any CPU
	EndGlobalSection
	GlobalSection(ProjectConfigurationPlatforms) = postSolution
		{9B194FEB-620C-490B-9E40-5E2290228C55}.Debug|Any CPU.ActiveCfg = Debug|Any CPU
		{9B194FEB-620C-490B-9E40-5E2290228C55}.Debug|Any CPU.Build.0 = Debug|Any CPU
		{9B194FEB-620C-490B-9E40-5E2290228C55}.Release|Any CPU.ActiveCfg = Release|Any CPU
		{9B194FEB-620C-490B-9E40-5E2290228C55}.Release|Any CPU.Build.0 = Release|Any CPU
	EndGlobalSection
	GlobalSection(SolutionProperties) = preSolution
		HideSolutionNode = FALSE
	EndGlobalSection
	GlobalSection(ExtensibilityGlobals) = postSolution
		SolutionGuid = {DA6DBC3C-479F-4883-A15E-8B3C7BA64CA1}
	EndGlobalSection
EndGlobal
